version: 1
checksums:
  65f0b2bcf7f26084eccbea1631cf7828:
    Metadata/title: 71cf11b09f966c8988977598206e7f73
    Metadata/description: 36e8e6cefb993a379865978080c01bf9
    CardHome/cta: e02d6ff2be2df87cec67f94c45bc71e8
    HomePage/title: 9519ff33c877583a4a512899602f1077
    HomePage/job-desc: be00e651cffece63390d0ca6dcea06cd
    HomePage/portafolio-title: d3a7e78dbaf72121697033e06d6803b6
    Content/projects/case1/titulo: 3c410d1add135b5197870283b619f627
    Content/projects/case1/descripcion: 48b9354fe41ae012b510049c8b556650
    Content/projects/case2/titulo: 542a4045bc6877952c404d34e668d0d6
    Content/projects/case2/descripcion: 97d3856ae82d1e4610ac3dac24f08722
    Content/projects/case3/titulo: 60585b8bccadbfc8a12e28eccc735e8d
    Content/projects/case3/descripcion: 06a25c4abef35702bf55adb75f0ebdbe
    Header/home: ffa9f8025a6493b16c10aea45f35bd59
    Header/about: 5f832dd493ee0f49b049551196a72818
    Header/portfolio: ef11301d07baf880ee3edbbbff3df54c
    Header/cv: fc8d4fde39c696a9b53d0cf770710aad
    Footer/title: d4ddae27ade2bf7a4d30f107cac215fa
    Footer/subtitle: 9702dc2352accabbdeb80fc129a7f97e
    Footer/description: f41aa2c864ecb8fea8286339851f17be
    Footer/thanks: 148c1c26b7c3d57958fc903343057b9b
    Case1/tag: d2e81d640161fb2a5f0a94a89081f8c2
    Case1/desc: 8781d0287490157faf3441d3d320a130
    Case1/desc2: 0c08f3479d387acafa0406961fcf0f7e
    Case1/rol: 7997024f4ed569c84938ce5390575c9b
    Case1/tile-rol: 25de6f2d9ffa404ddf50d36d6f168163
    Case1/desc-rol: 631377c1b3b14ffacba733c362bc119e
    Case1/equipo: f97bcee2a3d15f1de7b398107b296f68
    Case1/equipo-title: 4d5b6448b6154dbb770e4fd8ee5a4191
    Case1/equipo-desc: 96f0dd2a141d455e172c46c323caf2db
    Case1/duration: af8c4a8bd427b341e6fc280b30e3b00a
    Case1/duration-title: 958ed1f28a95d7ff92f7e37937edd6e7
    Case1/duration-desc: f8c8c682ee97fad764e2523595928800
    Case1/section1-title: a9d038ec1f071e602ae78acd59959856
    Case1/section1-desc: 27670b2cb310edda61cf7874131427c2
    Case1/section1-desc2: fc65ef454144662d7964dd79013f718d
    Case1/section1-desc3: af6a45bbe222846f933c60a5685767c5
    Case1/section2-title: 30f00456c109eda5daadb7bce839c805
    Case1/section2-desc: d22b6cb2236554101d61d4c4ba80f219
    Case1/pippit-desc: 13304673f786be687763f45f0a27bb9e
    Case1/fortaleza-title: cdcd1a79881a13f6a89a1202f8ac1ad6
    Case1/fortaleza-1: 9bc4b06ec990c870936ff9ed0ae81a32
    Case1/fortaleza-2: 6df0ddbefd8758fd3c9c29670b266910
    Case1/fortaleza-3: d15561764a500bc4564c18a0371cdf58
    Case1/debilidaddes-title: b103b0843a35d73c8a87bb1fee3e4c36
    Case1/debilidad-1: fd71e0a85e247897d6661baedfa750d7
    Case1/debilidad-2: 1496ca1d095ceae33ea59b34deb602b9
    Case1/debilidad-3: 5ce7ac1bcae363f1fcb68d86fd87e0ce
    Case1/survey-subtitle: dd237d1aad141b992ea634103974872d
    Case1/survey-desc: 87cd82b054247c45cbab6a782548a740
    Case1/survey-problem-title: e8ef707d1f6d4dc2b4f030e15bdcc7a1
    Case1/survey-problem-title-2: 5029a67ef47a3068f3f238b6f324e100
    Case1/survey-problem-title-2-1: f7bf86feb17752a46f450ba9aa6c023f
    Case1/survey-item-1: 9dd6a56d54b5118a9a1d43985620d946
    Case1/survey-item-2: 3c8b345440866fca8ac45df592d9b0a2
    Case1/survey-item-3: 9630b9187ab6084ba19b4146ac160ef7
    Case1/survey-item-4: 9a9daebaf2fc43726ac955d7236a2229
    Case1/survey-item-5: 1237f0821d9f83081a12b639d9db32a2
    Case1/survey-item-6: 47ee9c4d97661093faa25d5dbf06b50c
    Case1/survey-item-7: e0b4bd5be745e482bdecca8ae679095e
    Case1/insights-subtitle: 72ca9bd4ceea07778fef883650cc666d
    Case1/insights-desc: 731575bb9356025d3ca2a3ab765be1a5
    Case1/insight-time: abcfb91fc74c45c7ecd18e47855d1f32
    Case1/insight-time-des: 7eb538677477cdc555ecf06fe26f1c13
    Case1/settings: 158b746ce9effb06c94510545d1b3970
    Case1/settings-desc: fbcd82f2805c0fb20ef39baa901f1d07
    Case1/unknown: ba15eadae455ec04f50ab06cac6b65e2
    Case1/unknown-desc: e43aadde8a6ad1adec7826691a8a7cdf
    Case1/user-person-subtitle: 23f285fbfcc5f2f58be4075c0250c776
    Case1/user-person-desc: 6d88cc37b8210866a7562c2c5cef8365
    Case1/user-1-desc: 6aea0678446f958728d6557a096af31e
    Case1/user-1-comment: f3df0984dce14220f98d63e801b5c172
    Case1/user-target: d0b42acde0aeb40836582b3d87dfa7d3
    Case1/user-1-objetive-1: 40d39d5aacbf25be0a357485f799f170
    Case1/user-1-objetive-2: fb3775ca2722ebebefad3baa4dc26d7c
    Case1/user-frustraitions: 50d0f4d8f45426f8c0ec9aeadb5933d4
    Case1/user-1-frustration-1: a94b5519979948a18ce0e174deb374e1
    Case1/user-1-frustration-2: 5f44acc7930d1004075479b23ae9e44e
    Case1/user-2-desc: d0673c640bc6a2b756d3ea168048b6f6
    Case1/user-2-comment: beb3d227dc5101a15ca3ba0f74b27aba
    Case1/user-2-objetive-1: 70d4fa0928349ba40919cecb18d1c4fe
    Case1/user-2-objetive-2: 319c6cec706ea55dab38e40e5b6e0430
    Case1/user-2-frustrations-1: 28a9f0740367f733aa1cef9445f43607
    Case1/user-2-frustrations-2: 5d356d4cfd2f083c1b4ba32d3b1a2c3e
    Case1/user-3-desc: 78e2ed049d578533689b9a2d64f510c3
    Case1/user-3-comment: 143f3a1f1cbc15791b37b531fef25925
    Case1/user-3-objetive-1: 5afbdbd6df16c0b99c8e72a5139b9b95
    Case1/user-3-objetive-2: 2b889d71b09ff3dd7c0e52fb5e29adaf
    Case1/user-3-frustrations-1: 5a7e38bff6ab6367a6524ed893ccd41f
    Case1/user-3-frustrations-2: c075c10aad2b373c614ed39fa9a27d21
    Case1/desing: e94cda1f5a0e8a5517c7f8994b968911
    Case1/design-desc: 3d1023c68f83b4aed58b9c01e04727c1
    Case1/custom-settings: 51a4d5480f00e64e23a81f97e2b1ca1a
    Case1/custom-settings-desc: 8437fa5a71b690a9bd20493f6c7d15ed
    Case1/custom-step-1: 2935e2316279658043c0f4f5f448c9c6
    Case1/step-1: b4c9e6e5b369bf7d829924525658da97
    Case1/custom-step-1-desc: 6a052fcf7cf636240c74fa808fadfb40
    Case1/custom-step-2: b3478f71a5fe65ad1b60dc4ec8318973
    Case1/step-2: ae628eb477bc62b75a4eabaafecd7195
    Case1/custom-step-2-desc: e8886d1883118ac0fb933edf152272c1
    Case1/custom-step-3: 39bbd5dd741da34b63648155c16213e4
    Case1/step-3: a84967b1a10fa3919cd3f7b669f22f6b
    Case1/custom-step-3-desc: 1bb8a6ef016b62ba677a5e0d4b7b63c5
    Case1/findings: bd692cd82b1cf4b2fa1c223a9c87afe7
    Case1/findings-desc: a0245edf5e3e1a0acaf1cc6586b92dff
    Case1/findings-1: c1f368773dc9fd212ba52f995e0bf954
    Case1/findings-2: 61ade382c393823ff96c4c99ddfb40ca
    Case1/findings-3: d9901289e271dff69f94980d072e7098
    Case1/findings-4: 37f3c1c91a4a6b19a586433709bb3fdc
    Case1/findings-5: f742103e6b2f576940c378b7e4d61929
    Case1/iteration: 267be761ce6585373a1b4a97d2641827
    Case1/solution-proposal: eb565f6f44970769d06f8d1d1349dcf2
    Case1/solution-proposal-desc: 3ddb58358f5a239a98f0968424ca63bb
    Case1/problems-findings: 0c45e540eee19d229a9e2e44d54332d2
    Case1/problems-findings-desc: cb9c594462c5b612b65759ae0fa7432d
    Case1/final-solution: f8d1b3b1e76b1cf69b0dfd067405a1a6
    Case1/final-solution-desc: 636f1274c40df2b410a6ab7ce7c90679
    Case1/to-review: 4fa21ac5dd7686f19a81021ad7c7a3cc
    Case1/to-review-desc: 3236e87ef7760943b44ff8afed8a2d14
    Case1/time-iteration-desc: ad085e694215159137496a354bf2ca8b
    Case1/stratey-creation: f7e509c769c401b25d52f60494a0c2ec
    Case1/strategy-creation-desc: 2ad1fd477ac878d421e2ddfe6810c8b9
    Case1/content-review: 04b0fdebf238ee093ab1e3f19b3e807c
    Case1/content-review-desc: 6102935dfc296c7f2e82f7eda018d47c
    Case1/calendar-title: dfd5631947a0f059ec0c8d89c54cd8b0
    Case1/calendar-desc: 08e2487ea245a65c791a414555641f74
    Case1/findings-time-1: b2e8c5f70028734425e3e36d5f30b9e1
    Case1/findings-time-2: ee9f9f158cfffac03ee6ceefb5c7a61a
    Case1/findings-time-3: cc0f390405fd31928c09ac28e9e09080
    Case1/solution-proposal-time-desc: 97f1cfb4a41ba83c0c1d9f0b27c42b8f
    Case1/solution-proposal-time-1: d0a1b0e09001f3c8df8355851eb909b3
    Case1/solution-proposal-time-2: 2e91102c8178e493ee42184d878e3f60
    Case1/solution-proposal-time-3: 21135ba9723f9c7c124c73b4efbe3021
    Case1/to-review-time: ddc941fafedf9318fdf12a2ec99ae309
    Case1/prototipo-final: 5f373061d4f90e73dee7ae2bbbe6704a
    Case1/testing-desc: 4b4869dc19d2cd7fd61000ede90740ca
    Case1/pruebas-beta: e841d371282f21ad90961357f578395e
    Case1/pruebas-beta-desc: 5e19c434dfbafb9c7e36b4b5bfafc596
    Case1/pruebas-a-b: 5a46924c199691c660627dcb50b7a12f
    Case1/pruebas-a-b-desc: 100344ba4bad7df1c4e17aff0536549f
    Case1/what-work: b4cd37f881accd18d0f5b14c2a96e85f
    Case1/content-fast: 27621d3dc9f5a7896169377ce24453e9
    Case1/content-fast-desc: 7c0e80ed53f18d714de7297af7cd01ff
    Case1/automatic-posted: cf7d52b22dd7640d85d5a151e086bdb7
    Case1/automatic-posted-desc: 81a6892fad4615436d3ff27e20c96ba3
    Case1/to-improve: b1da13c7058b32596c699829b30ced83
    Case1/init-social-networks: beda29a99d013e703db420ea607a1d4a
    Case1/init-social-networks-desc: e2b11a1635139f4f007af500746a587e
    Case1/learnings: a93f6a4251b5aa96ec0b3aab892d7bda
    Case1/learnings-1: c0ddef635cd42a96e54e271115661c19
    Case1/learnings-1-desc: d99af8a0ca098370c757930f6469095c
    Case1/learnings-2: 3e658eb5ed855187277eee3e08346f22
    Case1/learnings-2-desc: c13daa406a086ca5ac3678952b0ede4d
    Case1/learnings-3: 21e6c1c994a8c3e2ec6931293cf4ead7
    Case1/learnings-3-desc: d9a633da59ff7bd0cfe651630d4cd552
    Case1/learnings-4: eac1db8825a9d3513700e131b4cf12fe
    Case1/learnings-4-desc: 8b93b1d5af63e812e1628acc9d7565f6
    Case1/more-projects: f54243669c95dc3aa8d2a889c119a780
    Case2/tag: 47b5197897f1f187af2d7d9b29259e3f
    Case2/desc: f919f1f02f920a80c06a3db923759e19
    Case2/desc-2: ed5352ae1bfe4b223f09449c1387e63f
    Case2/duration-desc: 8c7c9ae7c81a10f83dbf102dd3143b91
    Case2/duration-desc-2: 8dee7de0b5c1ef356547c62f9feaea95
    Case2/problem-desc: 59ad9a437220996e8c6c416e90c33845
    Case2/problem-1: f2c6c90870fd14c9af98f60907a4b467
    Case2/problem-2: 4680883e3a8fd9fa04f032fdd4335774
    Case2/problem-3: 55997f0d59bce6d48f5e8905efa3c230
    Case2/problem-4: f13757197cd3d0d5d60ad84c8c6ceb61
    Case2/problem-5: 5e278e56d5f1139d248c3cdadf26c200
    Case2/problem-6: 4ee1edba61f54597df10d3d4892b083b
    Case2/problem-7: a769cd123745dd6de03f7c65d909739e
    Case2/problem-desc-1: 255eaefdc796497bd8a94af82de3ec9c
    Case2/objetives: 3b170132f0b43a867458b0c99c8c29cb
    Case2/objetives-1: 8f7b56ad14be53a07f309372ae5b147e
    Case2/objetives-2: 2d4fd63d430e9db6179d8117c06359a6
    Case2/objetives-3: 2fccc2b7f8f815273cde708e525cc2b6
    Case2/bussines-objetive: 7e304eaf22ff363ed52ad8e54b06c44c
    Case2/bussines-objetive-1: 5ff1fac9185c6a35949ce837bc22bd59
    Case2/bussines-objetive-2: 6942509e0df12456399c0843857c98a3
    Case2/user-research: 333bbe0d08c715507b1e4c2bea3c6a56
    Case2/research-1: a4841f01a53e2064452782fd3a455cc7
    Case2/research-2: 5c9b62bc5d074ff252061631a0bdfd3f
    Case2/research-3: 146926c34babbe2412723234bc4e9df7
    Case2/research-4: 1d48509ac4afb1e8e9cee2cdb8b57789
    Case2/surveys: 81a4e9afd5862c998ce69f0c5f3a18f2
    Case2/surveys-desc: 2889c2f5356158c45633ac4472fe6757
    Case2/benchmark: 67d5ff6043c0d9d17227f8ed71c6393f
    Case2/benchmark-desc: 1241542f5b76b33bafea365e9ca21650
    Case2/heuristic: c7a35e27159ef73a8c0155f4d1add78b
    Case2/heuristic-desc: d9a0b3670288c92dd899a22b197c1fa4
    Case2/ui: ea1f2153e9c908511d124d4d207318f0
    Case2/query-creation: 03e607739f94c6b13698db47c2534adc
    Case2/dashboard: f64b3977c825f2cf567ff2e34217ac03
    Case2/alert-settings: fdb8baee288b735a41c7f9d7a3e6f81c
    Case2/heatmap: 0262f906336cba7afbaf591a77a0721a
    Case2/heatmap-desc: bb9cb54bcc34a2bcc7d3fa129c782085
    Case2/heatmap-query: 93c19e4f75cf2cf196788530ff785376
    Case2/heatmap-query-desc: f5cf3584cb7145efc6f680bae275bb30
    Case2/heatmap-dashboard: c5f3736eed3d005cea666b41cc95ed37
    Case2/heat-dash: 2f92f0cba2ac06f0d83fb0e843d52bbf
    Case2/insight: 72ca9bd4ceea07778fef883650cc666d
    Case2/insght-desc: 3a6892c76949a6323331a6a0c636fef6
    Case2/insight-1: d50a8f806f3d7977694b1ea4ce19a3e8
    Case2/insight-1-desc: cfd794d1b9576d18365beec5b11f8446
    Case2/insight-item-1: b9814276a2b4ed6eb9bc8bace7066a6c
    Case2/insight-item-2: 1bd2362e79d76b7f96d5e1491b949e61
    Case2/insight-focus-1: 5268305c438325f1909c81134ca90504
    Case2/insight-2: 615bdc28986ebb65fa28af2b1080a62c
    Case2/insight-2-desc: 924246f2ab9776304a4806c8b045bff2
    Case2/insight-2-focus: 04a858b1de8f773e5a5f07b232d67a06
    Case2/insight-3: e990dffad08d41d5975e7f9cb440e349
    Case2/insight-3-desc: 0d11e315f926364262754cfcca6f4910
    Case2/insight-3-focus: 93f9e9c16f093da1309278e3ab1b39e7
    Case2/design-desc: 45c97f96aa393769eabb0fd933ff49bf
    Case2/create-query: 03e607739f94c6b13698db47c2534adc
    Case2/create-query-desc: e2077653157dfa7e6a94ad8b635486b5
    Case2/ste-1: f50558c7c04bcf4e1b7c3d698d2c3e44
    Case2/input-title: 7f8a30d1a821db4c04a6cc8fcf0cf6ad
    Case2/input-desc: d7b5dcad84033a3df2876a01f39bc9b1
    Case2/to-improve: 7e878bc65905255ad7e41a867d6d8bda
    Case2/to-improve-1: a7aace8cee863e20bca08c1afce08b20
    Case2/to-improve-1-1: 1a5b664f4097cacc91d1bc1828c86fd5
    Case2/step-2: e01f5467b84da5af20e7fef31ad55ff6
    Case2/verify-query: 82524d522250c50b1666d8697c3b3b35
    Case2/verify-query-desc: 1ca3d09c09e9a9ed1ce5f8d5e8b85451
    Case2/solving-problem: 54b7ce4d4a9e2308b78233a85b03342a
    Case2/problem-solving-1: 4a354e79998e46681cd95d0a1f0716c2
    Case2/problem-solving-1-desc: e100a61c2f388ff72a7b31958f3620bb
    Case2/problem-solving-2: faf3cf1ff03feb5ef5e92146d928d93f
    Case2/problem-solving-2-desc: cea111b9d5cc0d970eeb09e469adedd5
    Case2/problem-solving-3: 9da2ca819694285e7376bc9933473b5b
    Case2/problem-solving-3-desc: 973f6bc99a637ec662398c743a27f881
    Case2/problem-solving-4: bcdff9252e4906fcade547df3075b661
    Case2/problem-solving-4-desc: 468564d229b1446130baf6958f9e6879
    Case2/tablero: bfe4e46ed8392e1cd7163f057327ac63
    Case2/tablero-desc: 1fba4b7ad6bde9f4c21dc7f6cc4d1097
    Case2/tablero-new: 0572d648d4a321d510843630d617850e
    Case2/tablero-new-desc: 1bcd0a2540bcf399479bb223918f96ed
    Case2/to-improve-2: 1aa256db735009b7a9c810e29b6808e3
    Case2/to-improve-2-desc: 71187288416eafc37e3bb820b038edd2
    Case2/to-improve-3: db29db3e5e7a032533d92fd43e1eb737
    Case2/to-improve-3-desc: ddf5cd9447096c893aa2a6d88400d6ab
    Case2/to-improve-4: 115f0981c7a3da50f380774914d180c9
    Case2/to-improve-4-desc: 5ba54d8d9f6399bd16bfbb38170f15dd
    Case2/alert-settings-desc: 86db193b1442c45c19594835106058ad
    Case2/to-improve-alerts-1: 0865fe25a2777eda2ebcd2f23e56b569
    Case2/to-improve-alerts-1-desc: 86db193b1442c45c19594835106058ad
    Case2/to-improve-alerts-2: a66433fd63f7129904c5b0dcd60e6d7c
    Case2/to-improve-alerts-2-desc: 0bccb182a170701c5b778df72289047d
    Case2/to-improve-alerts-3: d725491282180a96189bcf8b6b52e7ee
    Case2/to-improve-alerts-3-desc: 13821b5f8a71c403c8bd4ec4c4b14778
    Case2/testing-desc: 3c1b136f970aa37e5a1bc43be542933f
    Case2/testing-desc-1: 25dceb6efdff27c12ff1926583e162fe
    Case2/testing-desc-2: 03a7415576fcfef5e56f44ce4fa9adb4
    Case2/testing-desc-3: 5facd4d96c66d0ee817039c40edadeac
    Case2/testing-desc-4: c599a7b15cb43a27cb333c7d0a7b722a
    Case2/final-result: 317601362a9dc4bdedd2cae130e0aaa2
    Case2/final-result-1: d7bb4006a0ab41a77a9f59ac7357ab47
    Case2/final-result-2: 294d3e89a6853dcfff7ef6d698ceb360
    Case2/final-result-3: 73a5c072d2e9f8a3ea7ad60138e72f99
    Case2/final-result-4: ff50582a0f70440dd99bc98769476867
    Case2/final-result-5: 7782dc7008aa9ac2719dd8f9ba63d8fb
    Case2/final-result-6: 843dda49bca54e45ccdb12bf565b17e6
    Case2/final-result-7: 351c86fa266b3c1f76cae5f6283ba30b
    Case2/learning-1: 253229c07d11b65a0bea479cf9b8f0b8
    Case2/learning-1-desc: 76f3d31490b5315d66ad50fc4f8094fb
    Case2/learning-2: febadeb7f687ae14e11333b7d820c565
    Case2/learning-2-desc: 89e77b82402ef84344e225a5e45aa19c
    Case2/learning-3: 943048677c61216fcad59736a5cfe33e
    Case2/learning-3-desc: d1bb544272c24fe7ccf00f94b3100b08
    Case3/tag: 9f88501d3bb7d436b38c85740f7ba42f
    Case3/desc: 2f392496428af5ebb29a04ae4e73729a
    Case3/desc-1: d4dba9e7d8d58d412fdda38c735f7abe
    Case3/duration: 8c7c9ae7c81a10f83dbf102dd3143b91
    Case3/duration-desc: e5af663df40f79c1bc7e553434448be0
    Case3/problems: ce184bcac10411d31d485a3db52be372
    Case3/problems-desc: 7b5ea1e68166bcc747573d8142be4c5a
    Case3/problem-1: 3fe6579a4af1db86df7e05611754d2bc
    Case3/problem-2: 715f2074aaf220f5e13b7eaae46bce8f
    Case3/problem-3: 456cf2529d9a226d0e940214b1b76aee
    Case3/problem-4: 37bc7941d2596166eeb55256b736f74e
    Case3/problem-desc: 6701f9fb065e8b75c999f7e8fdf1febb
    Case3/objetives: d0b42acde0aeb40836582b3d87dfa7d3
    Case3/objetive-ux: 3b170132f0b43a867458b0c99c8c29cb
    Case3/objetive-ux-1: e49583f1424279f5ff0b9550eb3de6ab
    Case3/objetive-ux-2: 536dd347741f9487a40a94904112bc3e
    Case3/objetive-ux-3: 5b58ed0c03c7e37361092344c9cd3051
    Case3/objetive-ux-4: ac26b6bc5785ed6d9099e23d0ba314c9
    Case3/objetive-bussines: 7e304eaf22ff363ed52ad8e54b06c44c
    Case3/objetive-bussines-1: 9c0aab4a1a03eeb7691efa53dfbf05af
    Case3/research: b56254997fec4958f4d5d0b86dcaf0da
    Case3/research-desc: b564fdbc49bb7b8401e5f088c97d4f0c
    Case3/research-1: 55640d45ae3bfd69ee540d5435c9184a
    Case3/research-2: b0ddbff2bfce4af1bea89e2a15294a1a
    Case3/research-3: 5c9b62bc5d074ff252061631a0bdfd3f
    Case3/research-4: 146926c34babbe2412723234bc4e9df7
    Case3/surveys: 81a4e9afd5862c998ce69f0c5f3a18f2
    Case3/surveys-desc: 8625826445b3887d58b46884871d1102
    Case3/user-profile: d1aede03aa197240f9fe1de44a2f8f1e
    Case3/social-manager: a05174cb600fa0c06a5ef59529bcae6b
    Case3/bussines: ef89ab2a7ac7ba2deb2d0cc60f5c0b56
    Case3/data-analitycs: b121739a62927004b7f1f8299293d3bb
    Case3/satisfaction: e7e50b80720b47868b7a48bfa5d71a92
    Case3/satisfaction-desc: 19e576808f2bfd0608d0098265a69cd3
    Case3/satisfaction-desc-1: 63b8aef4c900d2897ed304f22182cfd7
    Case3/neutro: 04f05492b82c2e88c435aac090e9a08a
    Case3/no-satisfaction: c52739e3452022937262588f023376a1
    Case3/neutral: 39e62449e5ad1af5a2630a0a7182dd4d
    Case3/insatisfecho: 904ce2170939ca0063262ea56b61dca1
    Case3/function-more-used: 29c0af6f6036ec40502306e9ba109bfd
    Case3/more-used-1: 9530e11b2c54340c97f4ec4748d48260
    Case3/more-used-2: 8740bd77ac3e1839d909ac5356e331c7
    Case3/more-used-3: a80305f35d45ddb15d21196db8ae363c
    Case3/more-used-4: b0ae9163ca98440b6172afa6fb37eb43
    Case3/attr: 0699f3689f5886829b4920ec1b16e627
    Case3/attr-1: 17cc93f084239f48a94e309a82f28f37
    Case3/attr-2: 54f1ad7adb0b7a93e018cb9701d7ad51
    Case3/attr-3: 7fb4b42ad8b1587472adfa06f555e3f6
    Case3/attr-4: d43a9f65a99a6bcf75c6abdbbce46cfa
    Case3/to-resolve: e5728cbb748b38f56df341ec3592bdd1
    Case3/user-voice: ffff2ac4f29257f627f8aa84cdef94ef
    Case3/user-voice-1: 0242976b59ab31c8cb191ccacde8afd6
    Case3/user-voice-2: 3ab1ed5a0096e43c748503bf0646b638
    Case3/user-voice-2-rol: 65dad1efdb3042a9f05439008520ddd9
    Case3/user-voice-3: 1a26cf2ab5be25a339379366428ec232
    Case3/user-voice-3-rol: fa365e38b7783175f9ebb4c663e42e7c
    Case3/user-journey: 99721b945ca107d65edc76685a7469a7
    Case3/person: 945b2cee61ba1fc5101af618ead97b4e
    Case3/scene: 0a7878f4626280bc44d2634948a3d202
    Case3/scene-desc: 82e398053de3267fb7669a6300ea7a71
    Case3/discover: 097df8699ea49367d5bf72503194fe75
    Case3/create-space-table: eadd58a90dc58405189124ea2695f317
    Case3/add-pages-table: 5338e5c69823eb0f849d1858868621d6
    Case3/analitycs: 3e836e706cc9031c5288358cae7cca8a
    Case3/accion: 1355b7f358b6cd74205a83072eed1bc2
    Case3/accion-1: 2e2d5077b1e14c32f2b3555c48392510
    Case3/action-2: 17d3ed922c3748e8a017a05011f4f23d
    Case3/action-3: 333e4938991d2831f0d35a6ebcd518a8
    Case3/action-4: 275bbb1e1b17dc1595e6010cf4de38f1
    Case3/pensamiento: c0bf5d5998227fa518381d31d83604cc
    Case3/pensamiento-1: 106671549050dc4792cb3c7c6da8a1af
    Case3/pensamiento-2: 1a5ef67c44ead91cf604436ca7e95296
    Case3/pensamiento-3: 4eb0e9ca9851b6f99fcd54eee3e858d8
    Case3/pensamiento-4: 7b0cfe74b1c88a8947b65965070d47dd
    Case3/emotion: c2ffe5153145e5272b12edc23d218ff0
    Case3/emotion-1: 444938210658a8c1de41a789855e0894
    Case3/emotion-2: 10231839d5f689e9f0b5f4622d96641b
    Case3/emotion-3: a1f892759d85304ae1b92523bd34eb43
    Case3/emotion-4: f13f96a7f18278a84a83b553fc4821ac
    Case3/pain-point: 95f3f44af4962f6f11aaceccd11955d3
    Case3/pain-point-1: 62219997f16f67312e461250c9c4c875
    Case3/pain-point-2: 5f79607a6b473ed33b47e882a86d8cb4
    Case3/pain-point-3: 1a008d585dc365434d8f36923a495de0
    Case3/pain-point-4: ff1268af7fde68ac0f69d73959013c45
    Case3/desing-opportunities: b95d31e754cbfbe9067f3949e31f42a0
    Case3/phase-1: 04734f99d86e909b3d0916778d2c3459
    Case3/phase-1-hmw: 136f7029be4e46c333928255e31bfc03
    Case3/phase-2: b95c53fa21c375ac72506d30baee59d0
    Case3/phase-2-hmw: 7dc89640d363ca1e65fce3118a23fa6d
    Case3/phase-4: ec77d29d1b80daadf127c8afad96ea5a
    Case3/phase-4-hmw: 56820086bce87539f51a04c6e0721d29
    Case3/user-journey-comparative: e08ff05d2792d52b7a4b8fabb641c203
    Case3/data-analitic: 3645afbae1d58631e2e9f06a9e6c890c
    Case3/scene-desc-1: 57aee5d3f9cce75973bc49a5648f44a4
    Case3/column-1: 2509505aa885392bce2f377186a9bbc4
    Case3/column-2: f6a2c67ede3699c302f1a516f9e1038e
    Case3/column-3: 30bdd1a0e1d7c251dae4a93e25b77deb
    Case3/column-4: c69c64c7ea887186d85e3cd71d34bfaf
    Case3/action-1: 19a2963ee48ac563459004739cb773f1
    Case3/action-2-1: 03183e222809afd27752bc5cf57cf811
    Case3/action-2-2: e6f35c229cd0f5b35ce44cfa87a29ed4
    Case3/action-2-3: 4c9f334ecafc1287c27efd83798f3dff
    Case3/pensamiento-1-1: 4c99aae04390a0c4efe132b9a205e5e9
    Case3/pensamiento-2-2: c7564d11a6550340fff74e4bc0b2f70f
    Case3/pensamiento-3-3: 7e117d4b3ee2c82f5016af61d3223be0
    Case3/pensamiento-4-4: e77b0ff9ebed62f2e5c5a756caeb8dd8
    Case3/agobiada: f968438116fb0f3d524bba6ccd70141a
    Case3/perdida: 3b23ee4178db089a5ac233a69ed0f776
    Case3/agotada: fc6d0c1d490a3515eb2c020157e7976c
    Case3/pain-1: c9dbe9baeedfa7bb26252431ab06b1ad
    Case3/pain-2: 3705183fd4923afe7b74f12c4d74ee26
    Case3/pain-3: 975ff330169ec605fc33e8fc6e5d1f04
    Case3/pain-4: bbd046f1d73edf09517c8d6317369940
    Case3/phase-2-2: d0640dcc93519d12d26aa641f2457f32
    Case3/phase-2-2-hmw: 0786850489b3f19d984b785fe4f65161
    Case3/phase-3-3: d9abc55df79e0efb8256aabc607274fd
    Case3/phase-3-3-hmw: afeafe1563818836861b52e509aa055a
    Case3/phase-4-4: 15ee0e448c758913b9e8fd902d4cdf38
    Case3/phase-4-4-hmw: f1b18ef23a41ec9f75333db875a5df5a
    Case3/heuristic-analisys: c7a35e27159ef73a8c0155f4d1add78b
    Case3/heuristic-analisys-desc: d9a0b3670288c92dd899a22b197c1fa4
    Case3/ui-desc: ea1f2153e9c908511d124d4d207318f0
    Case3/home: ffa9f8025a6493b16c10aea45f35bd59
    Case3/anadir-paginas: 30c3ffd1435cdebbc9d6a5f69f05aa67
    Case3/crear-espacios: 7fc7d433e682aa00c84c1c848f07617f
    Case3/tablero: bfe4e46ed8392e1cd7163f057327ac63
    Case3/diseno: e94cda1f5a0e8a5517c7f8994b968911
    Case3/design-desc: 9b5c465609aa74b5c9eba36cac17943b
    Case3/pantalla-inicio: b8b8c343820745907d5a405b32b77fb6
    Case3/pantalla-anadir-paginas: a4ed2a9e9e9aeac0bdb0ddd93eb3257e
    Case3/pantalla-crear-espacios: af15a2c622216be8af1b8326c3668491
    Case3/pantalla-tablero-comparativa: 5511a7588959df3266da6e8ad23720d7
    Case3/home-desc: fde684050dd2639afce648800883212b
    Case3/mejoras: 7e878bc65905255ad7e41a867d6d8bda
    Case3/funcionalidad: 2a507891ffb5083db4f29d96562d8dc6
    Case3/funcionalidad-desc: a6d9b2ea954ea22ee81ffd3e547615a6
    Case3/spaces: 991292e5e899d0c900fc51b3daae699b
    Case3/spaces-desc: 0ec1a3bb22fcb7c4e0704af37323efd5
    Case3/pages: dbf3ba6c3bf969ceecd0333e2456058b
    Case3/pages-desc: 0b01474932cd713b08db4992cd873c25
    Case3/add-pages-desc: f25ce52a5d43567f551213bc7135a565
    Case3/input-de-agregar-paginas: b6c5a0a6d03050f29722d83ec30c0188
    Case3/input-desc: e41c22c63f118576ecce95eba168b126
    Case3/paginas-agregadas: 1192df430e66dfd472c9e86705c5730b
    Case3/paginas-agregadas-desc: 04b413ba5c210f3f01f445acc361faef
    Case3/help: 209ee25e9e2c740b5ff0559e470025d2
    Case3/help-desc: 5b702205f7df4d4baba7a5f01bb3cc6e
    Case3/espacios: 7a303e8c5252cc9dd8a238b7e79b4576
    Case3/espacios-desc: 0418ff08e6909e5fa6a06f2f6544c270
    Case3/espacios-desc-1: 175e36b921a8694eccc82032aeb42eb0
    Case3/agregar-paginas: a2c0a022345a01fa4d9a862d98bfdaa1
    Case3/agregar-paginas-desc: 453ec200e55b2e3a899667627ea2994d
    Case3/paginas-seleccionadas: 9e5962e128ebf136fd1d8d76497342c6
    Case3/paginas-seleccionadas-desc: 3b748870e54e9780a66580bb736d6fcd
    Case3/usabilidad: a3519223511783d24705a7f176c27692
    Case3/usabilidad-desc: a5a4a44d5660a6a0b139cb8ae9555226
    Case3/tablero-comparativa: e996b3fd088f739b4dbe2e8d5ee917ee
    Case3/tablero-desc: ff2ae669705cc76fb0dd50c238992437
    Case3/jerarquia-de-informacion: 91165e368fa0cda4af372de3a865b65a
    Case3/jerarquia-desc: b5d5f0495784281a428a0fb16474fbd5
    Case3/menos-pestanas: 1e6b8f2354312e1a54e80d30f70ac0c0
    Case3/menos-pestanas-desc: 43ce5c9bf72828b2cefc93c4acd1b8ed
    Case3/comparativa-mejorada: 15f4c30648d914e35e2cd22779b3acdf
    Case3/comparativa-mejorada-desc: 74c2dc7611d2523050aa77c009d5b3a2
    Case3/resultados-e-impacto: 913a3604e83b108ea7b0d1e804be4b96
    Case3/impact-1: b9c4ae738243f759992d98961475cf22
    Case3/impact-2: bd3ccbbaa75be2cd62e3d6d2a51b8300
    Case3/impact-3: 545ba2c3243b5c83221fb6dbe32e9bc8
    Case3/impact-4: 1ba78fa4f6890d65c546395e5fa8dd88
    Case3/learnings: a93f6a4251b5aa96ec0b3aab892d7bda
    Case3/learning-1: 08bca2b2d285e8cc0f8d26e6546d71a4
    Case3/learning-1-desc: 8338904ab74ae07256e2287aa2af477d
    Case3/learning-2: ff0494e5a34affb997c8b66f89c4bb13
    Case3/learning-2-desc: 9d7d912650d4fef42fb782183c2a56aa
    Case3/info: caa58d2c8a967a0bc3e116b6213b5f62
    Case3/info-desc: 622b8d127a985308b5bbe868bdc2bb21
    About/service-1: 4ff26c8c2dce2f07e6953d44da7abcb9
    About/service-2: 689bf336c07642a7c7c7156a3a3c50ad
    About/service-3: 53662be1050cd3f61270787532b63369
    About/quien-soy: 369028c40e24fff0c410409e63341d30
    About/desc-1: 80255bcd886169a3b2dc5c7ee987b142
    About/desc-2: e7a40114bd476114e9c2c7b797fd3f31
    About/desc-3: 9995d6b48370e5c81e23b45f5612fbae
    About/desc-4: 3a1eb5cd6852ad048a841b90081c2e76
    About/desc-5: c6edc7164acaefbc5af9446e4bbae6c2
    About/desc-6: 9d580842de5b1e9dfa7d023c6b5daa60
    About/que-hago: 148ce6325a954135c167db3385dbbebe
